
Microsoft Visual Studio Solution File, Format Version 12.00
# Visual Studio Version 16
VisualStudioVersion = 16.0.30104.148
MinimumVisualStudioVersion = 10.0.40219.1
Project("{FAE04EC0-301F-11D3-BF4B-00C04F79EFBC}") = "GoalLine.ConsoleApp", "GoalLine.ConsoleApp\GoalLine.ConsoleApp.csproj", "{A912A59B-D877-4A44-8945-4E96744CE999}"
EndProject
Project("{FAE04EC0-301F-11D3-BF4B-00C04F79EFBC}") = "GoalLine.Structures", "GoalLine.Structures\GoalLine.Structures.csproj", "{59791ADE-64E6-445C-8069-7AD27C82F5F9}"
EndProject
Project("{FAE04EC0-301F-11D3-BF4B-00C04F79EFBC}") = "GoalLine.Data", "GoalLine.Data\GoalLine.Data.csproj", "{5D7E0338-5365-4DA7-AFD8-55BE7A5D7AB2}"
EndProject
Project("{FAE04EC0-301F-11D3-BF4B-00C04F79EFBC}") = "GoalLine.Processes", "GoalLine.Processes\GoalLine.Processes.csproj", "{E508150D-C0CA-42C6-B011-1CDF6DE116F8}"
EndProject
Project("{FAE04EC0-301F-11D3-BF4B-00C04F79EFBC}") = "GoalLine.Resources", "GoalLine.Resources\GoalLine.Resources.csproj", "{42EC3EFE-AD3A-465B-8DC2-961E23A97E6E}"
EndProject
Project("{FAE04EC0-301F-11D3-BF4B-00C04F79EFBC}") = "GoalLine.Matchday", "GoalLine.Matchday\GoalLine.Matchday.csproj", "{49F86A61-AB61-4C01-BAB4-1F0448945437}"
EndProject
Project("{FAE04EC0-301F-11D3-BF4B-00C04F79EFBC}") = "GoalLine.UI", "GoalLine.UI\GoalLine.UI.csproj", "{A4CD1B87-E43D-4A88-845B-A0C69A7180DF}"
EndProject
Global
	GlobalSection(SolutionConfigurationPlatforms) = preSolution
		Debug|Any CPU = Debug|Any CPU
		Release|Any CPU = Release|Any CPU
	EndGlobalSection
	GlobalSection(ProjectConfigurationPlatforms) = postSolution
		{A912A59B-D877-4A44-8945-4E96744CE999}.Debug|Any CPU.ActiveCfg = Debug|Any CPU
		{A912A59B-D877-4A44-8945-4E96744CE999}.Debug|Any CPU.Build.0 = Debug|Any CPU
		{A912A59B-D877-4A44-8945-4E96744CE999}.Release|Any CPU.ActiveCfg = Release|Any CPU
		{A912A59B-D877-4A44-8945-4E96744CE999}.Release|Any CPU.Build.0 = Release|Any CPU
		{59791ADE-64E6-445C-8069-7AD27C82F5F9}.Debug|Any CPU.ActiveCfg = Debug|Any CPU
		{59791ADE-64E6-445C-8069-7AD27C82F5F9}.Debug|Any CPU.Build.0 = Debug|Any CPU
		{59791ADE-64E6-445C-8069-7AD27C82F5F9}.Release|Any CPU.ActiveCfg = Release|Any CPU
		{59791ADE-64E6-445C-8069-7AD27C82F5F9}.Release|Any CPU.Build.0 = Release|Any CPU
		{5D7E0338-5365-4DA7-AFD8-55BE7A5D7AB2}.Debug|Any CPU.ActiveCfg = Debug|Any CPU
		{5D7E0338-5365-4DA7-AFD8-55BE7A5D7AB2}.Debug|Any CPU.Build.0 = Debug|Any CPU
		{5D7E0338-5365-4DA7-AFD8-55BE7A5D7AB2}.Release|Any CPU.ActiveCfg = Release|Any CPU
		{5D7E0338-5365-4DA7-AFD8-55BE7A5D7AB2}.Release|Any CPU.Build.0 = Release|Any CPU
		{E508150D-C0CA-42C6-B011-1CDF6DE116F8}.Debug|Any CPU.ActiveCfg = Debug|Any CPU
		{E508150D-C0CA-42C6-B011-1CDF6DE116F8}.Debug|Any CPU.Build.0 = Debug|Any CPU
		{E508150D-C0CA-42C6-B011-1CDF6DE116F8}.Release|Any CPU.ActiveCfg = Release|Any CPU
		{E508150D-C0CA-42C6-B011-1CDF6DE116F8}.Release|Any CPU.Build.0 = Release|Any CPU
		{42EC3EFE-AD3A-465B-8DC2-961E23A97E6E}.Debug|Any CPU.ActiveCfg = Debug|Any CPU
		{42EC3EFE-AD3A-465B-8DC2-961E23A97E6E}.Debug|Any CPU.Build.0 = Debug|Any CPU
		{42EC3EFE-AD3A-465B-8DC2-961E23A97E6E}.Release|Any CPU.ActiveCfg = Release|Any CPU
		{42EC3EFE-AD3A-465B-8DC2-961E23A97E6E}.Release|Any CPU.Build.0 = Release|Any CPU
		{49F86A61-AB61-4C01-BAB4-1F0448945437}.Debug|Any CPU.ActiveCfg = Debug|Any CPU
		{49F86A61-AB61-4C01-BAB4-1F0448945437}.Debug|Any CPU.Build.0 = Debug|Any CPU
		{49F86A61-AB61-4C01-BAB4-1F0448945437}.Release|Any CPU.ActiveCfg = Release|Any CPU
		{49F86A61-AB61-4C01-BAB4-1F0448945437}.Release|Any CPU.Build.0 = Release|Any CPU
		{A4CD1B87-E43D-4A88-845B-A0C69A7180DF}.Debug|Any CPU.ActiveCfg = Debug|Any CPU
		{A4CD1B87-E43D-4A88-845B-A0C69A7180DF}.Debug|Any CPU.Build.0 = Debug|Any CPU
		{A4CD1B87-E43D-4A88-845B-A0C69A7180DF}.Release|Any CPU.ActiveCfg = Release|Any CPU
		{A4CD1B87-E43D-4A88-845B-A0C69A7180DF}.Release|Any CPU.Build.0 = Release|Any CPU
	EndGlobalSection
	GlobalSection(SolutionProperties) = preSolution
		HideSolutionNode = FALSE
	EndGlobalSection
	GlobalSection(ExtensibilityGlobals) = postSolution
		SolutionGuid = {943BDF68-078A-4FE6-94E6-3424859F22AA}
	EndGlobalSection
EndGlobal
